// !$*UTF8*$!
{
	archiveVersion = 1;
	classes = {
	};
	objectVersion = 46;
	objects = {

/* Begin PBXBuildFile section */
		095A9DF71A72F5190066C3A2 /* main.m in Sources */ = {isa = PBXBuildFile; fileRef = 095A9DF61A72F5190066C3A2 /* main.m */; };
		095A9DFA1A72F5190066C3A2 /* AppDelegate.m in Sources */ = {isa = PBXBuildFile; fileRef = 095A9DF91A72F5190066C3A2 /* AppDelegate.m */; };
		095A9DFD1A72F5190066C3A2 /* ChallengeViewController.m in Sources */ = {isa = PBXBuildFile; fileRef = 095A9DFC1A72F5190066C3A2 /* ChallengeViewController.m */; };
		095A9E001A72F5190066C3A2 /* Main.storyboard in Resources */ = {isa = PBXBuildFile; fileRef = 095A9DFE1A72F5190066C3A2 /* Main.storyboard */; };
		095A9E021A72F5190066C3A2 /* Images.xcassets in Resources */ = {isa = PBXBuildFile; fileRef = 095A9E011A72F5190066C3A2 /* Images.xcassets */; };
		095A9E051A72F5190066C3A2 /* LaunchScreen.xib in Resources */ = {isa = PBXBuildFile; fileRef = 095A9E031A72F5190066C3A2 /* LaunchScreen.xib */; };
		095A9E111A72F5190066C3A2 /* TypifyTests.m in Sources */ = {isa = PBXBuildFile; fileRef = 095A9E101A72F5190066C3A2 /* TypifyTests.m */; };
		098CCC9F1A73065D00D7E0AE /* ChallengeLevelController.m in Sources */ = {isa = PBXBuildFile; fileRef = 098CCC9E1A73065D00D7E0AE /* ChallengeLevelController.m */; };
		098CCCA21A7306A200D7E0AE /* Challenge.m in Sources */ = {isa = PBXBuildFile; fileRef = 098CCCA11A7306A200D7E0AE /* Challenge.m */; };
		098CCCA51A73084300D7E0AE /* HomeViewController.m in Sources */ = {isa = PBXBuildFile; fileRef = 098CCCA41A73084300D7E0AE /* HomeViewController.m */; };
		14514D921A733E15006848C5 /* DifficultyTableViewController.m in Sources */ = {isa = PBXBuildFile; fileRef = 14514D911A733E15006848C5 /* DifficultyTableViewController.m */; };
		14514D941A736169006848C5 /* easy.json in Resources */ = {isa = PBXBuildFile; fileRef = 14514D931A736169006848C5 /* easy.json */; };
		14514D961A7363E0006848C5 /* medium.json in Resources */ = {isa = PBXBuildFile; fileRef = 14514D951A7363E0006848C5 /* medium.json */; };
		14514D981A736426006848C5 /* master.json in Resources */ = {isa = PBXBuildFile; fileRef = 14514D971A736426006848C5 /* master.json */; };
		14514D9A1A736432006848C5 /* expert.json in Resources */ = {isa = PBXBuildFile; fileRef = 14514D991A736432006848C5 /* expert.json */; };
		14514D9C1A736439006848C5 /* hard.json in Resources */ = {isa = PBXBuildFile; fileRef = 14514D9B1A736439006848C5 /* hard.json */; };
/* End PBXBuildFile section */

/* Begin PBXContainerItemProxy section */
		095A9E0B1A72F5190066C3A2 /* PBXContainerItemProxy */ = {
			isa = PBXContainerItemProxy;
			containerPortal = 095A9DE91A72F5190066C3A2 /* Project object */;
			proxyType = 1;
			remoteGlobalIDString = 095A9DF01A72F5190066C3A2;
			remoteInfo = Typify;
		};
/* End PBXContainerItemProxy section */

/* Begin PBXFileReference section */
		095A9DF11A72F5190066C3A2 /* Typify.app */ = {isa = PBXFileReference; explicitFileType = wrapper.application; includeInIndex = 0; path = Typify.app; sourceTree = BUILT_PRODUCTS_DIR; };
		095A9DF51A72F5190066C3A2 /* Info.plist */ = {isa = PBXFileReference; lastKnownFileType = text.plist.xml; path = Info.plist; sourceTree = "<group>"; };
		095A9DF61A72F5190066C3A2 /* main.m */ = {isa = PBXFileReference; lastKnownFileType = sourcecode.c.objc; path = main.m; sourceTree = "<group>"; };
		095A9DF81A72F5190066C3A2 /* AppDelegate.h */ = {isa = PBXFileReference; lastKnownFileType = sourcecode.c.h; path = AppDelegate.h; sourceTree = "<group>"; };
		095A9DF91A72F5190066C3A2 /* AppDelegate.m */ = {isa = PBXFileReference; lastKnownFileType = sourcecode.c.objc; path = AppDelegate.m; sourceTree = "<group>"; };
		095A9DFB1A72F5190066C3A2 /* ChallengeViewController.h */ = {isa = PBXFileReference; lastKnownFileType = sourcecode.c.h; path = ChallengeViewController.h; sourceTree = "<group>"; };
		095A9DFC1A72F5190066C3A2 /* ChallengeViewController.m */ = {isa = PBXFileReference; lastKnownFileType = sourcecode.c.objc; path = ChallengeViewController.m; sourceTree = "<group>"; };
		095A9DFF1A72F5190066C3A2 /* Base */ = {isa = PBXFileReference; lastKnownFileType = file.storyboard; name = Base; path = Base.lproj/Main.storyboard; sourceTree = "<group>"; };
		095A9E011A72F5190066C3A2 /* Images.xcassets */ = {isa = PBXFileReference; lastKnownFileType = folder.assetcatalog; path = Images.xcassets; sourceTree = "<group>"; };
		095A9E041A72F5190066C3A2 /* Base */ = {isa = PBXFileReference; lastKnownFileType = file.xib; name = Base; path = Base.lproj/LaunchScreen.xib; sourceTree = "<group>"; };
		095A9E0A1A72F5190066C3A2 /* TypifyTests.xctest */ = {isa = PBXFileReference; explicitFileType = wrapper.cfbundle; includeInIndex = 0; path = TypifyTests.xctest; sourceTree = BUILT_PRODUCTS_DIR; };
		095A9E0F1A72F5190066C3A2 /* Info.plist */ = {isa = PBXFileReference; lastKnownFileType = text.plist.xml; path = Info.plist; sourceTree = "<group>"; };
		095A9E101A72F5190066C3A2 /* TypifyTests.m */ = {isa = PBXFileReference; lastKnownFileType = sourcecode.c.objc; path = TypifyTests.m; sourceTree = "<group>"; };
		098CCC9D1A73065D00D7E0AE /* ChallengeLevelController.h */ = {isa = PBXFileReference; fileEncoding = 4; lastKnownFileType = sourcecode.c.h; path = ChallengeLevelController.h; sourceTree = "<group>"; };
		098CCC9E1A73065D00D7E0AE /* ChallengeLevelController.m */ = {isa = PBXFileReference; fileEncoding = 4; lastKnownFileType = sourcecode.c.objc; path = ChallengeLevelController.m; sourceTree = "<group>"; };
		098CCCA01A7306A200D7E0AE /* Challenge.h */ = {isa = PBXFileReference; fileEncoding = 4; lastKnownFileType = sourcecode.c.h; path = Challenge.h; sourceTree = "<group>"; };
		098CCCA11A7306A200D7E0AE /* Challenge.m */ = {isa = PBXFileReference; fileEncoding = 4; lastKnownFileType = sourcecode.c.objc; path = Challenge.m; sourceTree = "<group>"; };
		098CCCA31A73084300D7E0AE /* HomeViewController.h */ = {isa = PBXFileReference; fileEncoding = 4; lastKnownFileType = sourcecode.c.h; path = HomeViewController.h; sourceTree = "<group>"; };
		098CCCA41A73084300D7E0AE /* HomeViewController.m */ = {isa = PBXFileReference; fileEncoding = 4; lastKnownFileType = sourcecode.c.objc; path = HomeViewController.m; sourceTree = "<group>"; };
		14514D901A733E15006848C5 /* DifficultyTableViewController.h */ = {isa = PBXFileReference; fileEncoding = 4; lastKnownFileType = sourcecode.c.h; path = DifficultyTableViewController.h; sourceTree = "<group>"; };
		14514D911A733E15006848C5 /* DifficultyTableViewController.m */ = {isa = PBXFileReference; fileEncoding = 4; lastKnownFileType = sourcecode.c.objc; path = DifficultyTableViewController.m; sourceTree = "<group>"; };
		14514D931A736169006848C5 /* easy.json */ = {isa = PBXFileReference; fileEncoding = 4; lastKnownFileType = text.json; path = easy.json; sourceTree = "<group>"; };
		14514D951A7363E0006848C5 /* medium.json */ = {isa = PBXFileReference; fileEncoding = 4; lastKnownFileType = text.json; path = medium.json; sourceTree = "<group>"; };
		14514D971A736426006848C5 /* master.json */ = {isa = PBXFileReference; fileEncoding = 4; lastKnownFileType = text.json; path = master.json; sourceTree = "<group>"; };
		14514D991A736432006848C5 /* expert.json */ = {isa = PBXFileReference; fileEncoding = 4; lastKnownFileType = text.json; path = expert.json; sourceTree = "<group>"; };
		14514D9B1A736439006848C5 /* hard.json */ = {isa = PBXFileReference; fileEncoding = 4; lastKnownFileType = text.json; path = hard.json; sourceTree = "<group>"; };
/* End PBXFileReference section */

/* Begin PBXFrameworksBuildPhase section */
		095A9DEE1A72F5190066C3A2 /* Frameworks */ = {
			isa = PBXFrameworksBuildPhase;
			buildActionMask = 2147483647;
			files = (
			);
			runOnlyForDeploymentPostprocessing = 0;
		};
		095A9E071A72F5190066C3A2 /* Frameworks */ = {
			isa = PBXFrameworksBuildPhase;
			buildActionMask = 2147483647;
			files = (
			);
			runOnlyForDeploymentPostprocessing = 0;
		};
/* End PBXFrameworksBuildPhase section */

/* Begin PBXGroup section */
		095A9DE81A72F5190066C3A2 = {
			isa = PBXGroup;
			children = (
				095A9DF31A72F5190066C3A2 /* Typify */,
				095A9E0D1A72F5190066C3A2 /* TypifyTests */,
				095A9DF21A72F5190066C3A2 /* Products */,
			);
			sourceTree = "<group>";
		};
		095A9DF21A72F5190066C3A2 /* Products */ = {
			isa = PBXGroup;
			children = (
				095A9DF11A72F5190066C3A2 /* Typify.app */,
				095A9E0A1A72F5190066C3A2 /* TypifyTests.xctest */,
			);
			name = Products;
			sourceTree = "<group>";
		};
		095A9DF31A72F5190066C3A2 /* Typify */ = {
			isa = PBXGroup;
			children = (
				095A9DF81A72F5190066C3A2 /* AppDelegate.h */,
				095A9DF91A72F5190066C3A2 /* AppDelegate.m */,
				098CCCA31A73084300D7E0AE /* HomeViewController.h */,
				098CCCA41A73084300D7E0AE /* HomeViewController.m */,
				14514D901A733E15006848C5 /* DifficultyTableViewController.h */,
				14514D911A733E15006848C5 /* DifficultyTableViewController.m */,
				095A9DFB1A72F5190066C3A2 /* ChallengeViewController.h */,
				095A9DFC1A72F5190066C3A2 /* ChallengeViewController.m */,
				098CCCA61A730A2C00D7E0AE /* Challenge Object */,
				098CCCA71A730A3400D7E0AE /* Logic */,
				095A9DFE1A72F5190066C3A2 /* Main.storyboard */,
				095A9E011A72F5190066C3A2 /* Images.xcassets */,
				095A9E031A72F5190066C3A2 /* LaunchScreen.xib */,
				095A9DF41A72F5190066C3A2 /* Supporting Files */,
			);
			path = Typify;
			sourceTree = "<group>";
		};
		095A9DF41A72F5190066C3A2 /* Supporting Files */ = {
			isa = PBXGroup;
			children = (
				095A9DF51A72F5190066C3A2 /* Info.plist */,
				095A9DF61A72F5190066C3A2 /* main.m */,
			);
			name = "Supporting Files";
			sourceTree = "<group>";
		};
		095A9E0D1A72F5190066C3A2 /* TypifyTests */ = {
			isa = PBXGroup;
			children = (
				095A9E101A72F5190066C3A2 /* TypifyTests.m */,
				095A9E0E1A72F5190066C3A2 /* Supporting Files */,
			);
			path = TypifyTests;
			sourceTree = "<group>";
		};
		095A9E0E1A72F5190066C3A2 /* Supporting Files */ = {
			isa = PBXGroup;
			children = (
				095A9E0F1A72F5190066C3A2 /* Info.plist */,
			);
			name = "Supporting Files";
			sourceTree = "<group>";
		};
		098CCCA61A730A2C00D7E0AE /* Challenge Object */ = {
			isa = PBXGroup;
			children = (
				098CCCA01A7306A200D7E0AE /* Challenge.h */,
				098CCCA11A7306A200D7E0AE /* Challenge.m */,
			);
			name = "Challenge Object";
			sourceTree = "<group>";
		};
		098CCCA71A730A3400D7E0AE /* Logic */ = {
			isa = PBXGroup;
			children = (
				098CCC9D1A73065D00D7E0AE /* ChallengeLevelController.h */,
				098CCC9E1A73065D00D7E0AE /* ChallengeLevelController.m */,
				14514D931A736169006848C5 /* easy.json */,
				14514D951A7363E0006848C5 /* medium.json */,
				14514D9B1A736439006848C5 /* hard.json */,
				14514D991A736432006848C5 /* expert.json */,
				14514D971A736426006848C5 /* master.json */,
			);
			name = Logic;
			sourceTree = "<group>";
		};
/* End PBXGroup section */

/* Begin PBXNativeTarget section */
		095A9DF01A72F5190066C3A2 /* Typify */ = {
			isa = PBXNativeTarget;
			buildConfigurationList = 095A9E141A72F5190066C3A2 /* Build configuration list for PBXNativeTarget "Typify" */;
			buildPhases = (
				095A9DED1A72F5190066C3A2 /* Sources */,
				095A9DEE1A72F5190066C3A2 /* Frameworks */,
				095A9DEF1A72F5190066C3A2 /* Resources */,
			);
			buildRules = (
			);
			dependencies = (
			);
			name = Typify;
			productName = Typify;
			productReference = 095A9DF11A72F5190066C3A2 /* Typify.app */;
			productType = "com.apple.product-type.application";
		};
		095A9E091A72F5190066C3A2 /* TypifyTests */ = {
			isa = PBXNativeTarget;
			buildConfigurationList = 095A9E171A72F5190066C3A2 /* Build configuration list for PBXNativeTarget "TypifyTests" */;
			buildPhases = (
				095A9E061A72F5190066C3A2 /* Sources */,
				095A9E071A72F5190066C3A2 /* Frameworks */,
				095A9E081A72F5190066C3A2 /* Resources */,
			);
			buildRules = (
			);
			dependencies = (
				095A9E0C1A72F5190066C3A2 /* PBXTargetDependency */,
			);
			name = TypifyTests;
			productName = TypifyTests;
			productReference = 095A9E0A1A72F5190066C3A2 /* TypifyTests.xctest */;
			productType = "com.apple.product-type.bundle.unit-test";
		};
/* End PBXNativeTarget section */

/* Begin PBXProject section */
		095A9DE91A72F5190066C3A2 /* Project object */ = {
			isa = PBXProject;
			attributes = {
				LastUpgradeCheck = 0610;
				ORGANIZATIONNAME = "John Heaton";
				TargetAttributes = {
					095A9DF01A72F5190066C3A2 = {
						CreatedOnToolsVersion = 6.1.1;
					};
					095A9E091A72F5190066C3A2 = {
						CreatedOnToolsVersion = 6.1.1;
						TestTargetID = 095A9DF01A72F5190066C3A2;
					};
				};
			};
			buildConfigurationList = 095A9DEC1A72F5190066C3A2 /* Build configuration list for PBXProject "Typify" */;
			compatibilityVersion = "Xcode 3.2";
			developmentRegion = English;
			hasScannedForEncodings = 0;
			knownRegions = (
				en,
				Base,
			);
			mainGroup = 095A9DE81A72F5190066C3A2;
			productRefGroup = 095A9DF21A72F5190066C3A2 /* Products */;
			projectDirPath = "";
			projectRoot = "";
			targets = (
				095A9DF01A72F5190066C3A2 /* Typify */,
				095A9E091A72F5190066C3A2 /* TypifyTests */,
			);
		};
/* End PBXProject section */

/* Begin PBXResourcesBuildPhase section */
		095A9DEF1A72F5190066C3A2 /* Resources */ = {
			isa = PBXResourcesBuildPhase;
			buildActionMask = 2147483647;
			files = (
				14514D9C1A736439006848C5 /* hard.json in Resources */,
				14514D9A1A736432006848C5 /* expert.json in Resources */,
				14514D961A7363E0006848C5 /* medium.json in Resources */,
				14514D981A736426006848C5 /* master.json in Resources */,
				095A9E001A72F5190066C3A2 /* Main.storyboard in Resources */,
				095A9E051A72F5190066C3A2 /* LaunchScreen.xib in Resources */,
				095A9E021A72F5190066C3A2 /* Images.xcassets in Resources */,
				14514D941A736169006848C5 /* easy.json in Resources */,
			);
			runOnlyForDeploymentPostprocessing = 0;
		};
		095A9E081A72F5190066C3A2 /* Resources */ = {
			isa = PBXResourcesBuildPhase;
			buildActionMask = 2147483647;
			files = (
			);
			runOnlyForDeploymentPostprocessing = 0;
		};
/* End PBXResourcesBuildPhase section */

/* Begin PBXSourcesBuildPhase section */
		095A9DED1A72F5190066C3A2 /* Sources */ = {
			isa = PBXSourcesBuildPhase;
			buildActionMask = 2147483647;
			files = (
				098CCC9F1A73065D00D7E0AE /* ChallengeLevelController.m in Sources */,
				098CCCA21A7306A200D7E0AE /* Challenge.m in Sources */,
				095A9DFD1A72F5190066C3A2 /* ChallengeViewController.m in Sources */,
				14514D921A733E15006848C5 /* DifficultyTableViewController.m in Sources */,
				095A9DFA1A72F5190066C3A2 /* AppDelegate.m in Sources */,
				095A9DF71A72F5190066C3A2 /* main.m in Sources */,
				098CCCA51A73084300D7E0AE /* HomeViewController.m in Sources */,
			);
			runOnlyForDeploymentPostprocessing = 0;
		};
		095A9E061A72F5190066C3A2 /* Sources */ = {
			isa = PBXSourcesBuildPhase;
			buildActionMask = 2147483647;
			files = (
				095A9E111A72F5190066C3A2 /* TypifyTests.m in Sources */,
			);
			runOnlyForDeploymentPostprocessing = 0;
		};
/* End PBXSourcesBuildPhase section */

/* Begin PBXTargetDependency section */
		095A9E0C1A72F5190066C3A2 /* PBXTargetDependency */ = {
			isa = PBXTargetDependency;
			target = 095A9DF01A72F5190066C3A2 /* Typify */;
			targetProxy = 095A9E0B1A72F5190066C3A2 /* PBXContainerItemProxy */;
		};
/* End PBXTargetDependency section */

/* Begin PBXVariantGroup section */
		095A9DFE1A72F5190066C3A2 /* Main.storyboard */ = {
			isa = PBXVariantGroup;
			children = (
				095A9DFF1A72F5190066C3A2 /* Base */,
			);
			name = Main.storyboard;
			sourceTree = "<group>";
		};
		095A9E031A72F5190066C3A2 /* LaunchScreen.xib */ = {
			isa = PBXVariantGroup;
			children = (
				095A9E041A72F5190066C3A2 /* Base */,
			);
			name = LaunchScreen.xib;
			sourceTree = "<group>";
		};
/* End PBXVariantGroup section */

/* Begin XCBuildConfiguration section */
		095A9E121A72F5190066C3A2 /* Debug */ = {
			isa = XCBuildConfiguration;
			buildSettings = {
				ALWAYS_SEARCH_USER_PATHS = NO;
				CLANG_CXX_LANGUAGE_STANDARD = "gnu++0x";
				CLANG_CXX_LIBRARY = "libc++";
				CLANG_ENABLE_MODULES = YES;
				CLANG_ENABLE_OBJC_ARC = YES;
				CLANG_WARN_BOOL_CONVERSION = YES;
				CLANG_WARN_CONSTANT_CONVERSION = YES;
				CLANG_WARN_DIRECT_OBJC_ISA_USAGE = YES_ERROR;
				CLANG_WARN_EMPTY_BODY = YES;
				CLANG_WARN_ENUM_CONVERSION = YES;
				CLANG_WARN_INT_CONVERSION = YES;
				CLANG_WARN_OBJC_ROOT_CLASS = YES_ERROR;
				CLANG_WARN_UNREACHABLE_CODE = YES;
				CLANG_WARN__DUPLICATE_METHOD_MATCH = YES;
				"CODE_SIGN_IDENTITY[sdk=iphoneos*]" = "iPhone Developer";
				COPY_PHASE_STRIP = NO;
				ENABLE_STRICT_OBJC_MSGSEND = YES;
				GCC_C_LANGUAGE_STANDARD = gnu99;
				GCC_DYNAMIC_NO_PIC = NO;
				GCC_OPTIMIZATION_LEVEL = 0;
				GCC_PREPROCESSOR_DEFINITIONS = (
					"DEBUG=1",
					"$(inherited)",
				);
				GCC_SYMBOLS_PRIVATE_EXTERN = NO;
				GCC_WARN_64_TO_32_BIT_CONVERSION = YES;
				GCC_WARN_ABOUT_RETURN_TYPE = YES_ERROR;
				GCC_WARN_UNDECLARED_SELECTOR = YES;
				GCC_WARN_UNINITIALIZED_AUTOS = YES_AGGRESSIVE;
				GCC_WARN_UNUSED_FUNCTION = YES;
				GCC_WARN_UNUSED_VARIABLE = YES;
				IPHONEOS_DEPLOYMENT_TARGET = 8.1;
				MTL_ENABLE_DEBUG_INFO = YES;
				ONLY_ACTIVE_ARCH = YES;
				SDKROOT = iphoneos;
			};
			name = Debug;
		};
		095A9E131A72F5190066C3A2 /* Release */ = {
			isa = XCBuildConfiguration;
			buildSettings = {
				ALWAYS_SEARCH_USER_PATHS = NO;
				CLANG_CXX_LANGUAGE_STANDARD = "gnu++0x";
				CLANG_CXX_LIBRARY = "libc++";
				CLANG_ENABLE_MODULES = YES;
				CLANG_ENABLE_OBJC_ARC = YES;
				CLANG_WARN_BOOL_CONVERSION = YES;
				CLANG_WARN_CONSTANT_CONVERSION = YES;
				CLANG_WARN_DIRECT_OBJC_ISA_USAGE = YES_ERROR;
				CLANG_WARN_EMPTY_BODY = YES;
				CLANG_WARN_ENUM_CONVERSION = YES;
				CLANG_WARN_INT_CONVERSION = YES;
				CLANG_WARN_OBJC_ROOT_CLASS = YES_ERROR;
				CLANG_WARN_UNREACHABLE_CODE = YES;
				CLANG_WARN__DUPLICATE_METHOD_MATCH = YES;
				"CODE_SIGN_IDENTITY[sdk=iphoneos*]" = "iPhone Developer";
				COPY_PHASE_STRIP = YES;
				ENABLE_NS_ASSERTIONS = NO;
				ENABLE_STRICT_OBJC_MSGSEND = YES;
				GCC_C_LANGUAGE_STANDARD = gnu99;
				GCC_WARN_64_TO_32_BIT_CONVERSION = YES;
				GCC_WARN_ABOUT_RETURN_TYPE = YES_ERROR;
				GCC_WARN_UNDECLARED_SELECTOR = YES;
				GCC_WARN_UNINITIALIZED_AUTOS = YES_AGGRESSIVE;
				GCC_WARN_UNUSED_FUNCTION = YES;
				GCC_WARN_UNUSED_VARIABLE = YES;
				IPHONEOS_DEPLOYMENT_TARGET = 8.1;
				MTL_ENABLE_DEBUG_INFO = NO;
				SDKROOT = iphoneos;
				VALIDATE_PRODUCT = YES;
			};
			name = Release;
		};
		095A9E151A72F5190066C3A2 /* Debug */ = {
			isa = XCBuildConfiguration;
			buildSettings = {
				ASSETCATALOG_COMPILER_APPICON_NAME = AppIcon;
				CODE_SIGN_IDENTITY = "iPhone Developer: John Heaton (C763AB6SMF)";
				INFOPLIST_FILE = Typify/Info.plist;
				LD_RUNPATH_SEARCH_PATHS = "$(inherited) @executable_path/Frameworks";
				PRODUCT_NAME = "$(TARGET_NAME)";
				PROVISIONING_PROFILE = "2a78f487-c1cc-4817-b102-47ef6e2fa6f5";
			};
			name = Debug;
		};
		095A9E161A72F5190066C3A2 /* Release */ = {
			isa = XCBuildConfiguration;
			buildSettings = {
				ASSETCATALOG_COMPILER_APPICON_NAME = AppIcon;
				CODE_SIGN_IDENTITY = "iPhone Developer: John Heaton (C763AB6SMF)";
				INFOPLIST_FILE = Typify/Info.plist;
				LD_RUNPATH_SEARCH_PATHS = "$(inherited) @executable_path/Frameworks";
				PRODUCT_NAME = "$(TARGET_NAME)";
				PROVISIONING_PROFILE = "2a78f487-c1cc-4817-b102-47ef6e2fa6f5";
			};
			name = Release;
		};
		095A9E181A72F5190066C3A2 /* Debug */ = {
			isa = XCBuildConfiguration;
			buildSettings = {
				BUNDLE_LOADER = "$(TEST_HOST)";
				FRAMEWORK_SEARCH_PATHS = (
					"$(SDKROOT)/Developer/Library/Frameworks",
					"$(inherited)",
				);
				GCC_PREPROCESSOR_DEFINITIONS = (
					"DEBUG=1",
					"$(inherited)",
				);
				INFOPLIST_FILE = TypifyTests/Info.plist;
				LD_RUNPATH_SEARCH_PATHS = "$(inherited) @executable_path/Frameworks @loader_path/Frameworks";
				PRODUCT_NAME = "$(TARGET_NAME)";
				TEST_HOST = "$(BUILT_PRODUCTS_DIR)/Typify.app/Typify";
			};
			name = Debug;
		};
		095A9E191A72F5190066C3A2 /* Release */ = {
			isa = XCBuildConfiguration;
			buildSettings = {
				BUNDLE_LOADER = "$(TEST_HOST)";
				FRAMEWORK_SEARCH_PATHS = (
					"$(SDKROOT)/Developer/Library/Frameworks",
					"$(inherited)",
				);
				INFOPLIST_FILE = TypifyTests/Info.plist;
				LD_RUNPATH_SEARCH_PATHS = "$(inherited) @executable_path/Frameworks @loader_path/Frameworks";
				PRODUCT_NAME = "$(TARGET_NAME)";
				TEST_HOST = "$(BUILT_PRODUCTS_DIR)/Typify.app/Typify";
			};
			name = Release;
		};
/* End XCBuildConfiguration section */

/* Begin XCConfigurationList section */
		095A9DEC1A72F5190066C3A2 /* Build configuration list for PBXProject "Typify" */ = {
			isa = XCConfigurationList;
			buildConfigurations = (
				095A9E121A72F5190066C3A2 /* Debug */,
				095A9E131A72F5190066C3A2 /* Release */,
			);
			defaultConfigurationIsVisible = 0;
			defaultConfigurationName = Release;
		};
		095A9E141A72F5190066C3A2 /* Build configuration list for PBXNativeTarget "Typify" */ = {
			isa = XCConfigurationList;
			buildConfigurations = (
				095A9E151A72F5190066C3A2 /* Debug */,
				095A9E161A72F5190066C3A2 /* Release */,
			);
			defaultConfigurationIsVisible = 0;
			defaultConfigurationName = Release;
		};
		095A9E171A72F5190066C3A2 /* Build configuration list for PBXNativeTarget "TypifyTests" */ = {
			isa = XCConfigurationList;
			buildConfigurations = (
				095A9E181A72F5190066C3A2 /* Debug */,
				095A9E191A72F5190066C3A2 /* Release */,
			);
			defaultConfigurationIsVisible = 0;
			defaultConfigurationName = Release;
		};
/* End XCConfigurationList section */
	};
	rootObject = 095A9DE91A72F5190066C3A2 /* Project object */;
}
